{
  "originHash" : "0a20aac807c41b4b1a2ae3a9934ab26e3702b81ee0293ae8c605552e9bc6460f",
  "pins" : [
    {
      "identity" : "http-client-module",
      "kind" : "remoteSourceControl",
      "location" : "https://github.com/swiftui-packages/http-client-module.git",
      "state" : {
        "revision" : "cc69838ebff5a1e7f6d6c0168592277091311395",
        "version" : "1.0.0"
      }
    },
    {
      "identity" : "swift",
      "kind" : "remoteSourceControl",
      "location" : "https://github.com/phosphor-icons/swift",
      "state" : {
        "revision" : "9a9467181782bbe319ad4935d0993c77cd8a5fbc",
        "version" : "2.1.0"
      }
    }
  ],
  "version" : 3
}
